
Microsoft Visual Studio Solution File, Format Version 12.00
# Visual Studio 15
VisualStudioVersion = 15.0.26430.14
MinimumVisualStudioVersion = 10.0.40219.1
Project("{F184B08F-C81C-45F6-A57F-5ABD9991F28F}") = "GL_MainSwitchBoard", "GL_MainSwitchBoard.vbproj", "{050654AA-32C8-4A6C-8BB5-1A649C347246}"
EndProject
Global
	GlobalSection(SolutionConfigurationPlatforms) = preSolution
		Debug|Any CPU = Debug|Any CPU
		Release|Any CPU = Release|Any CPU
	EndGlobalSection
	GlobalSection(ProjectConfigurationPlatforms) = postSolution
		{050654AA-32C8-4A6C-8BB5-1A649C347246}.Debug|Any CPU.ActiveCfg = Debug|Any CPU
		{050654AA-32C8-4A6C-8BB5-1A649C347246}.Debug|Any CPU.Build.0 = Debug|Any CPU
		{050654AA-32C8-4A6C-8BB5-1A649C347246}.Release|Any CPU.ActiveCfg = Release|Any CPU
		{050654AA-32C8-4A6C-8BB5-1A649C347246}.Release|Any CPU.Build.0 = Release|Any CPU
	EndGlobalSection
	GlobalSection(SolutionProperties) = preSolution
		HideSolutionNode = FALSE
	EndGlobalSection
	GlobalSection(TeamFoundationVersionControl) = preSolution
		SccNumberOfProjects = 1
		SccEnterpriseProvider = {4CA58AB2-18FA-4F8D-95D4-32DDF27D184C}
		SccTeamFoundationServer = http://172.16.0.60:8080/tfs/pasargadjahrom
		SccProjectUniqueName0 = GL_MainSwitchBoard.vbproj
		SccProjectName0 = .
		SccAuxPath0 = http://172.16.0.60:8080/tfs/pasargadjahrom
		SccLocalPath0 = .
		SccProvider0 = {4CA58AB2-18FA-4F8D-95D4-32DDF27D184C}
	EndGlobalSection
EndGlobal
