
Microsoft Visual Studio Solution File, Format Version 12.00
# Visual Studio 2012
Project("{F184B08F-C81C-45F6-A57F-5ABD9991F28F}") = "AN_02_SefareshTaeed", "AN_02_SefareshTaeed.vbproj", "{54C42353-5E1C-402A-9935-6908D63F26B9}"
EndProject
Global
	GlobalSection(TeamFoundationVersionControl) = preSolution
		SccNumberOfProjects = 1
		SccEnterpriseProvider = {4CA58AB2-18FA-4F8D-95D4-32DDF27D184C}
		SccTeamFoundationServer = http://172.16.0.41:8080/tfs/dp_pakhsh
		SccProjectUniqueName0 = AN_02_SefareshTaeed.vbproj
		SccProjectName0 = .
		SccAuxPath0 = http://172.16.0.41:8080/tfs/dp_pakhsh
		SccLocalPath0 = .
		SccProvider0 = {4CA58AB2-18FA-4F8D-95D4-32DDF27D184C}
	EndGlobalSection
	GlobalSection(SolutionConfigurationPlatforms) = preSolution
		Debug|Any CPU = Debug|Any CPU
		Release|Any CPU = Release|Any CPU
	EndGlobalSection
	GlobalSection(ProjectConfigurationPlatforms) = postSolution
		{54C42353-5E1C-402A-9935-6908D63F26B9}.Debug|Any CPU.ActiveCfg = Debug|Any CPU
		{54C42353-5E1C-402A-9935-6908D63F26B9}.Debug|Any CPU.Build.0 = Debug|Any CPU
		{54C42353-5E1C-402A-9935-6908D63F26B9}.Release|Any CPU.ActiveCfg = Release|Any CPU
		{54C42353-5E1C-402A-9935-6908D63F26B9}.Release|Any CPU.Build.0 = Release|Any CPU
	EndGlobalSection
	GlobalSection(SolutionProperties) = preSolution
		HideSolutionNode = FALSE
	EndGlobalSection
EndGlobal
