
Microsoft Visual Studio Solution File, Format Version 9.00
# Visual Studio 2005
Project("{F184B08F-C81C-45F6-A57F-5ABD9991F28F}") = "FO_03_MoshtaryAnalysis", "FO_03_MoshtaryAnalysis\FO_03_MoshtaryAnalysis.vbproj", "{B135E36C-EBB7-4AB3-A23D-9A8EE4CD992A}"
EndProject
Global
	GlobalSection(TeamFoundationVersionControl) = preSolution
		SccNumberOfProjects = 2
		SccEnterpriseProvider = {4CA58AB2-18FA-4F8D-95D4-32DDF27D184C}
		SccTeamFoundationServer = http://172.16.0.73:8080/
		SccLocalPath0 = .
		SccProjectUniqueName1 = FO_03_MoshtaryAnalysis\\FO_03_MoshtaryAnalysis.vbproj
		SccProjectName1 = FO_03_MoshtaryAnalysis
		SccLocalPath1 = FO_03_MoshtaryAnalysis
	EndGlobalSection
	GlobalSection(SolutionConfigurationPlatforms) = preSolution
		Debug|Any CPU = Debug|Any CPU
		Release|Any CPU = Release|Any CPU
	EndGlobalSection
	GlobalSection(ProjectConfigurationPlatforms) = postSolution
		{B135E36C-EBB7-4AB3-A23D-9A8EE4CD992A}.Debug|Any CPU.ActiveCfg = Debug|Any CPU
		{B135E36C-EBB7-4AB3-A23D-9A8EE4CD992A}.Debug|Any CPU.Build.0 = Debug|Any CPU
		{B135E36C-EBB7-4AB3-A23D-9A8EE4CD992A}.Release|Any CPU.ActiveCfg = Release|Any CPU
		{B135E36C-EBB7-4AB3-A23D-9A8EE4CD992A}.Release|Any CPU.Build.0 = Release|Any CPU
	EndGlobalSection
	GlobalSection(SolutionProperties) = preSolution
		HideSolutionNode = FALSE
	EndGlobalSection
EndGlobal
