
Microsoft Visual Studio Solution File, Format Version 9.00
# Visual Studio 2005
Project("{F184B08F-C81C-45F6-A57F-5ABD9991F28F}") = "DP_VosolFromTabletPC", "DP_VosolFromTabletPC\DP_VosolFromTabletPC.vbproj", "{233168A7-6AD2-4B71-9594-9933A9E7B51F}"
EndProject
Global
	GlobalSection(TeamFoundationVersionControl) = preSolution
		SccNumberOfProjects = 2
		SccEnterpriseProvider = {4CA58AB2-18FA-4F8D-95D4-32DDF27D184C}
		SccTeamFoundationServer = http://172.16.0.73:8080/
		SccLocalPath0 = .
		SccProjectUniqueName1 = DP_VosolFromTabletPC\\DP_VosolFromTabletPC.vbproj
		SccProjectName1 = DP_VosolFromTabletPC
		SccLocalPath1 = DP_VosolFromTabletPC
	EndGlobalSection
	GlobalSection(SolutionConfigurationPlatforms) = preSolution
		Debug|Any CPU = Debug|Any CPU
		Release|Any CPU = Release|Any CPU
	EndGlobalSection
	GlobalSection(ProjectConfigurationPlatforms) = postSolution
		{233168A7-6AD2-4B71-9594-9933A9E7B51F}.Debug|Any CPU.ActiveCfg = Debug|Any CPU
		{233168A7-6AD2-4B71-9594-9933A9E7B51F}.Debug|Any CPU.Build.0 = Debug|Any CPU
		{233168A7-6AD2-4B71-9594-9933A9E7B51F}.Release|Any CPU.ActiveCfg = Release|Any CPU
		{233168A7-6AD2-4B71-9594-9933A9E7B51F}.Release|Any CPU.Build.0 = Release|Any CPU
	EndGlobalSection
	GlobalSection(SolutionProperties) = preSolution
		HideSolutionNode = FALSE
	EndGlobalSection
EndGlobal
