
Microsoft Visual Studio Solution File, Format Version 12.00
# Visual Studio Version 17
VisualStudioVersion = 17.7.34202.233
MinimumVisualStudioVersion = 10.0.40219.1
Project("{F184B08F-C81C-45F6-A57F-5ABD9991F28F}") = "AN_rpt_Anbar_Kardexs", "AN_rpt_Anbar_Kardexs.vbproj", "{F3B00203-62FC-4741-A1F1-8B8BC9E35250}"
EndProject
Global
	GlobalSection(SolutionConfigurationPlatforms) = preSolution
		Debug|Any CPU = Debug|Any CPU
		Release|Any CPU = Release|Any CPU
	EndGlobalSection
	GlobalSection(ProjectConfigurationPlatforms) = postSolution
		{F3B00203-62FC-4741-A1F1-8B8BC9E35250}.Debug|Any CPU.ActiveCfg = Debug|Any CPU
		{F3B00203-62FC-4741-A1F1-8B8BC9E35250}.Debug|Any CPU.Build.0 = Debug|Any CPU
		{F3B00203-62FC-4741-A1F1-8B8BC9E35250}.Release|Any CPU.ActiveCfg = Release|Any CPU
		{F3B00203-62FC-4741-A1F1-8B8BC9E35250}.Release|Any CPU.Build.0 = Release|Any CPU
	EndGlobalSection
	GlobalSection(SolutionProperties) = preSolution
		HideSolutionNode = FALSE
	EndGlobalSection
	GlobalSection(ExtensibilityGlobals) = postSolution
		SolutionGuid = {413ED9E3-8A93-4487-BD00-C23AC07E78D7}
	EndGlobalSection
EndGlobal
