
Microsoft Visual Studio Solution File, Format Version 12.00
# Visual Studio Version 17
VisualStudioVersion = 17.1.32407.343
MinimumVisualStudioVersion = 10.0.40219.1
Project("{F184B08F-C81C-45F6-A57F-5ABD9991F28F}") = "AN_02_MarjoeeEshantion", "AN_02_MarjoeeEshantion.vbproj", "{0E378ECA-6CC7-4225-84F2-57CD32BD5DB7}"
EndProject
Global
	GlobalSection(SolutionConfigurationPlatforms) = preSolution
		Debug|Any CPU = Debug|Any CPU
		Release|Any CPU = Release|Any CPU
	EndGlobalSection
	GlobalSection(ProjectConfigurationPlatforms) = postSolution
		{0E378ECA-6CC7-4225-84F2-57CD32BD5DB7}.Debug|Any CPU.ActiveCfg = Debug|Any CPU
		{0E378ECA-6CC7-4225-84F2-57CD32BD5DB7}.Debug|Any CPU.Build.0 = Debug|Any CPU
		{0E378ECA-6CC7-4225-84F2-57CD32BD5DB7}.Release|Any CPU.ActiveCfg = Release|Any CPU
		{0E378ECA-6CC7-4225-84F2-57CD32BD5DB7}.Release|Any CPU.Build.0 = Release|Any CPU
	EndGlobalSection
	GlobalSection(SolutionProperties) = preSolution
		HideSolutionNode = FALSE
	EndGlobalSection
	GlobalSection(ExtensibilityGlobals) = postSolution
		SolutionGuid = {CD6F8C3E-3B1F-4A60-8850-C04D5D1BBD72}
	EndGlobalSection
	GlobalSection(TeamFoundationVersionControl) = preSolution
		SccNumberOfProjects = 1
		SccEnterpriseProvider = {4CA58AB2-18FA-4F8D-95D4-32DDF27D184C}
		SccTeamFoundationServer = http://172.16.0.60:8080/tfs/pakhshnafas
		SccProjectUniqueName0 = AN_02_MarjoeeEshantion.vbproj
		SccProjectName0 = .
		SccAuxPath0 = http://172.16.0.60:8080/tfs/pakhshnafas
		SccLocalPath0 = .
		SccProvider0 = {4CA58AB2-18FA-4F8D-95D4-32DDF27D184C}
	EndGlobalSection
EndGlobal
