
Microsoft Visual Studio Solution File, Format Version 12.00
# Visual Studio 2012
Project("{F184B08F-C81C-45F6-A57F-5ABD9991F28F}") = "FO_03_SodorFaktorAmani", "FO_03_SodorFaktorAmani\FO_03_SodorFaktorAmani.vbproj", "{7C21DEC1-7D27-4192-AB77-6CC7E3AA9298}"
EndProject
Global
	GlobalSection(TeamFoundationVersionControl) = preSolution
		SccNumberOfProjects = 2
		SccEnterpriseProvider = {4CA58AB2-18FA-4F8D-95D4-32DDF27D184C}
		SccTeamFoundationServer = http://172.16.0.41:8080/tfs/dp_pakhsh
		SccLocalPath0 = .
		SccProjectUniqueName1 = FO_03_SodorFaktorAmani\\FO_03_SodorFaktorAmani.vbproj
		SccProjectName1 = FO_03_SodorFaktorAmani
		SccLocalPath1 = FO_03_SodorFaktorAmani
	EndGlobalSection
	GlobalSection(SolutionConfigurationPlatforms) = preSolution
		Debug|Any CPU = Debug|Any CPU
		Release|Any CPU = Release|Any CPU
	EndGlobalSection
	GlobalSection(ProjectConfigurationPlatforms) = postSolution
		{7C21DEC1-7D27-4192-AB77-6CC7E3AA9298}.Debug|Any CPU.ActiveCfg = Debug|Any CPU
		{7C21DEC1-7D27-4192-AB77-6CC7E3AA9298}.Debug|Any CPU.Build.0 = Debug|Any CPU
		{7C21DEC1-7D27-4192-AB77-6CC7E3AA9298}.Release|Any CPU.ActiveCfg = Release|Any CPU
		{7C21DEC1-7D27-4192-AB77-6CC7E3AA9298}.Release|Any CPU.Build.0 = Release|Any CPU
	EndGlobalSection
	GlobalSection(SolutionProperties) = preSolution
		HideSolutionNode = FALSE
	EndGlobalSection
EndGlobal
