
Microsoft Visual Studio Solution File, Format Version 9.00
# Visual Studio 2005
Project("{F184B08F-C81C-45F6-A57F-5ABD9991F28F}") = "GL_Help", "GL_Help.vbproj", "{E32DF191-1A61-4440-82E0-E275D0AA4F1C}"
EndProject
Global
	GlobalSection(SourceCodeControl) = preSolution
		SccNumberOfProjects = 2
		SccLocalPath0 = .
		SccProjectUniqueName1 = GL_Help.vbproj
		SccLocalPath1 = .
	EndGlobalSection
	GlobalSection(SolutionConfigurationPlatforms) = preSolution
		Debug|Any CPU = Debug|Any CPU
		Release|Any CPU = Release|Any CPU
	EndGlobalSection
	GlobalSection(ProjectConfigurationPlatforms) = postSolution
		{E32DF191-1A61-4440-82E0-E275D0AA4F1C}.Debug|Any CPU.ActiveCfg = Debug|Any CPU
		{E32DF191-1A61-4440-82E0-E275D0AA4F1C}.Debug|Any CPU.Build.0 = Debug|Any CPU
		{E32DF191-1A61-4440-82E0-E275D0AA4F1C}.Release|Any CPU.ActiveCfg = Release|Any CPU
		{E32DF191-1A61-4440-82E0-E275D0AA4F1C}.Release|Any CPU.Build.0 = Release|Any CPU
	EndGlobalSection
	GlobalSection(SolutionProperties) = preSolution
		HideSolutionNode = FALSE
	EndGlobalSection
EndGlobal
