
Microsoft Visual Studio Solution File, Format Version 12.00
# Visual Studio 2012
Project("{F184B08F-C81C-45F6-A57F-5ABD9991F28F}") = "AN_02_AnbarGardani", "AN_02_AnbarGardani\AN_02_AnbarGardani.vbproj", "{C35AB14C-D52C-4A2F-8884-F5225B4102CE}"
EndProject
Global
	GlobalSection(TeamFoundationVersionControl) = preSolution
		SccNumberOfProjects = 2
		SccEnterpriseProvider = {4CA58AB2-18FA-4F8D-95D4-32DDF27D184C}
		SccTeamFoundationServer = http://172.16.0.41:8080/tfs/dp_pakhsh
		SccLocalPath0 = .
		SccProjectUniqueName1 = AN_02_AnbarGardani\\AN_02_AnbarGardani.vbproj
		SccProjectName1 = AN_02_AnbarGardani
		SccLocalPath1 = AN_02_AnbarGardani
	EndGlobalSection
	GlobalSection(SolutionConfigurationPlatforms) = preSolution
		Debug|Any CPU = Debug|Any CPU
		Release|Any CPU = Release|Any CPU
	EndGlobalSection
	GlobalSection(ProjectConfigurationPlatforms) = postSolution
		{C35AB14C-D52C-4A2F-8884-F5225B4102CE}.Debug|Any CPU.ActiveCfg = Debug|Any CPU
		{C35AB14C-D52C-4A2F-8884-F5225B4102CE}.Debug|Any CPU.Build.0 = Debug|Any CPU
		{C35AB14C-D52C-4A2F-8884-F5225B4102CE}.Release|Any CPU.ActiveCfg = Release|Any CPU
		{C35AB14C-D52C-4A2F-8884-F5225B4102CE}.Release|Any CPU.Build.0 = Release|Any CPU
	EndGlobalSection
	GlobalSection(SolutionProperties) = preSolution
		HideSolutionNode = FALSE
	EndGlobalSection
EndGlobal
