
Microsoft Visual Studio Solution File, Format Version 9.00
# Visual Studio 2005
Project("{F184B08F-C81C-45F6-A57F-5ABD9991F28F}") = "FO_02_PishFaktor", "FO_02_PishFaktor.vbproj", "{C5B85FAE-27F3-4C85-8E97-2D203AC8987D}"
EndProject
Global
	GlobalSection(SolutionConfigurationPlatforms) = preSolution
		Debug|Any CPU = Debug|Any CPU
		Release|Any CPU = Release|Any CPU
	EndGlobalSection
	GlobalSection(ProjectConfigurationPlatforms) = postSolution
		{C5B85FAE-27F3-4C85-8E97-2D203AC8987D}.Debug|Any CPU.ActiveCfg = Debug|Any CPU
		{C5B85FAE-27F3-4C85-8E97-2D203AC8987D}.Debug|Any CPU.Build.0 = Debug|Any CPU
		{C5B85FAE-27F3-4C85-8E97-2D203AC8987D}.Release|Any CPU.ActiveCfg = Release|Any CPU
		{C5B85FAE-27F3-4C85-8E97-2D203AC8987D}.Release|Any CPU.Build.0 = Release|Any CPU
	EndGlobalSection
	GlobalSection(SolutionProperties) = preSolution
		HideSolutionNode = FALSE
	EndGlobalSection
EndGlobal
