
Microsoft Visual Studio Solution File, Format Version 12.00
# Visual Studio 15
VisualStudioVersion = 15.0.26430.14
MinimumVisualStudioVersion = 10.0.40219.1
Project("{F184B08F-C81C-45F6-A57F-5ABD9991F28F}") = "AN_02_EnteghalMojoodiAnbarBeDorehBad", "AN_02_EnteghalMojoodiAnbarBeDorehBad.vbproj", "{E2B16C91-C455-4639-B4AF-DD9F006564A7}"
EndProject
Global
	GlobalSection(SolutionConfigurationPlatforms) = preSolution
		Debug|Any CPU = Debug|Any CPU
		Release|Any CPU = Release|Any CPU
	EndGlobalSection
	GlobalSection(ProjectConfigurationPlatforms) = postSolution
		{E2B16C91-C455-4639-B4AF-DD9F006564A7}.Debug|Any CPU.ActiveCfg = Debug|Any CPU
		{E2B16C91-C455-4639-B4AF-DD9F006564A7}.Debug|Any CPU.Build.0 = Debug|Any CPU
		{E2B16C91-C455-4639-B4AF-DD9F006564A7}.Release|Any CPU.ActiveCfg = Release|Any CPU
		{E2B16C91-C455-4639-B4AF-DD9F006564A7}.Release|Any CPU.Build.0 = Release|Any CPU
	EndGlobalSection
	GlobalSection(SolutionProperties) = preSolution
		HideSolutionNode = FALSE
	EndGlobalSection
	GlobalSection(TeamFoundationVersionControl) = preSolution
		SccNumberOfProjects = 1
		SccEnterpriseProvider = {4CA58AB2-18FA-4F8D-95D4-32DDF27D184C}
		SccTeamFoundationServer = http://172.16.0.60:8080/tfs/leonard
		SccProjectUniqueName0 = AN_02_EnteghalMojoodiAnbarBeDorehBad.vbproj
		SccProjectName0 = ../Win_Sourses/Anbar/AN_02_EnteghalMojoodiAnbarBeDorehBad
		SccAuxPath0 = http://mainserver:8080/tfs/dp_pakhsh
		SccLocalPath0 = .
		SccProvider0 = {4CA58AB2-18FA-4F8D-95D4-32DDF27D184C}
	EndGlobalSection
EndGlobal
